
Microsoft Visual Studio Solution File, Format Version 12.00
# Visual Studio Version 17
VisualStudioVersion = 17.0.31903.59
MinimumVisualStudioVersion = 10.0.40219.1
Project("{FAE04EC0-301F-11D3-BF4B-00C04F79EFBC}") = "Domain", "Domain\Domain.csproj", "{A196166A-EC72-4910-97E6-945D800A33C4}"
EndProject
Project("{FAE04EC0-301F-11D3-BF4B-00C04F79EFBC}") = "Application", "Application\Application.csproj", "{68850B02-9E2A-401A-81F3-BEF2639A7914}"
EndProject
Project("{FAE04EC0-301F-11D3-BF4B-00C04F79EFBC}") = "Persistence", "Persistence\Persistence.csproj", "{396EB9C3-73AF-4F64-A78D-B0FB00BB6F78}"
EndProject
Project("{FAE04EC0-301F-11D3-BF4B-00C04F79EFBC}") = "API", "API\API.csproj", "{FFBAA889-3848-479E-BCC9-9B2670BD219A}"
EndProject
Global
	GlobalSection(SolutionConfigurationPlatforms) = preSolution
		Debug|Any CPU = Debug|Any CPU
		Release|Any CPU = Release|Any CPU
	EndGlobalSection
	GlobalSection(SolutionProperties) = preSolution
		HideSolutionNode = FALSE
	EndGlobalSection
	GlobalSection(ProjectConfigurationPlatforms) = postSolution
		{A196166A-EC72-4910-97E6-945D800A33C4}.Debug|Any CPU.ActiveCfg = Debug|Any CPU
		{A196166A-EC72-4910-97E6-945D800A33C4}.Debug|Any CPU.Build.0 = Debug|Any CPU
		{A196166A-EC72-4910-97E6-945D800A33C4}.Release|Any CPU.ActiveCfg = Release|Any CPU
		{A196166A-EC72-4910-97E6-945D800A33C4}.Release|Any CPU.Build.0 = Release|Any CPU
		{68850B02-9E2A-401A-81F3-BEF2639A7914}.Debug|Any CPU.ActiveCfg = Debug|Any CPU
		{68850B02-9E2A-401A-81F3-BEF2639A7914}.Debug|Any CPU.Build.0 = Debug|Any CPU
		{68850B02-9E2A-401A-81F3-BEF2639A7914}.Release|Any CPU.ActiveCfg = Release|Any CPU
		{68850B02-9E2A-401A-81F3-BEF2639A7914}.Release|Any CPU.Build.0 = Release|Any CPU
		{396EB9C3-73AF-4F64-A78D-B0FB00BB6F78}.Debug|Any CPU.ActiveCfg = Debug|Any CPU
		{396EB9C3-73AF-4F64-A78D-B0FB00BB6F78}.Debug|Any CPU.Build.0 = Debug|Any CPU
		{396EB9C3-73AF-4F64-A78D-B0FB00BB6F78}.Release|Any CPU.ActiveCfg = Release|Any CPU
		{396EB9C3-73AF-4F64-A78D-B0FB00BB6F78}.Release|Any CPU.Build.0 = Release|Any CPU
		{FFBAA889-3848-479E-BCC9-9B2670BD219A}.Debug|Any CPU.ActiveCfg = Debug|Any CPU
		{FFBAA889-3848-479E-BCC9-9B2670BD219A}.Debug|Any CPU.Build.0 = Debug|Any CPU
		{FFBAA889-3848-479E-BCC9-9B2670BD219A}.Release|Any CPU.ActiveCfg = Release|Any CPU
		{FFBAA889-3848-479E-BCC9-9B2670BD219A}.Release|Any CPU.Build.0 = Release|Any CPU
	EndGlobalSection
EndGlobal
