
Microsoft Visual Studio Solution File, Format Version 12.00
# Visual Studio Version 17
VisualStudioVersion = 17.5.002.0
MinimumVisualStudioVersion = 10.0.40219.1
Project("{2150E333-8FDC-42A3-9474-1A3956D46DE8}") = "Persistence", "Persistence", "{B74D76B2-2773-4167-ADC9-447109AB0622}"
EndProject
Project("{9A19103F-16F7-4668-BE54-9A1E7A4F7556}") = "Persistence", "Persistence\Persistence\Persistence.csproj", "{6FA003FB-9FE4-4EF9-8E3F-A37B49C798A4}"
EndProject
Project("{2150E333-8FDC-42A3-9474-1A3956D46DE8}") = "API", "API", "{0F005DE9-2B4C-4B51-A51C-A0ECDCCB40A0}"
EndProject
Project("{9A19103F-16F7-4668-BE54-9A1E7A4F7556}") = "API", "API\API\API.csproj", "{B623F2F5-5FAD-4A4C-AC87-7E62ECFE5325}"
EndProject
Global
	GlobalSection(SolutionConfigurationPlatforms) = preSolution
		Debug|Any CPU = Debug|Any CPU
		Release|Any CPU = Release|Any CPU
	EndGlobalSection
	GlobalSection(ProjectConfigurationPlatforms) = postSolution
		{6FA003FB-9FE4-4EF9-8E3F-A37B49C798A4}.Debug|Any CPU.ActiveCfg = Debug|Any CPU
		{6FA003FB-9FE4-4EF9-8E3F-A37B49C798A4}.Debug|Any CPU.Build.0 = Debug|Any CPU
		{6FA003FB-9FE4-4EF9-8E3F-A37B49C798A4}.Release|Any CPU.ActiveCfg = Release|Any CPU
		{6FA003FB-9FE4-4EF9-8E3F-A37B49C798A4}.Release|Any CPU.Build.0 = Release|Any CPU
		{B623F2F5-5FAD-4A4C-AC87-7E62ECFE5325}.Debug|Any CPU.ActiveCfg = Debug|Any CPU
		{B623F2F5-5FAD-4A4C-AC87-7E62ECFE5325}.Debug|Any CPU.Build.0 = Debug|Any CPU
		{B623F2F5-5FAD-4A4C-AC87-7E62ECFE5325}.Release|Any CPU.ActiveCfg = Release|Any CPU
		{B623F2F5-5FAD-4A4C-AC87-7E62ECFE5325}.Release|Any CPU.Build.0 = Release|Any CPU
	EndGlobalSection
	GlobalSection(SolutionProperties) = preSolution
		HideSolutionNode = FALSE
	EndGlobalSection
	GlobalSection(NestedProjects) = preSolution
		{6FA003FB-9FE4-4EF9-8E3F-A37B49C798A4} = {B74D76B2-2773-4167-ADC9-447109AB0622}
		{B623F2F5-5FAD-4A4C-AC87-7E62ECFE5325} = {0F005DE9-2B4C-4B51-A51C-A0ECDCCB40A0}
	EndGlobalSection
	GlobalSection(ExtensibilityGlobals) = postSolution
		SolutionGuid = {55A113C2-CA2E-496C-A90A-02C9422E5A58}
	EndGlobalSection
EndGlobal
